
Microsoft Visual Studio Solution File, Format Version 12.00
# Visual Studio Version 17
VisualStudioVersion = 17.0.31903.59
MinimumVisualStudioVersion = 10.0.40219.1
Project("{9A19103F-16F7-4668-BE54-9A1E7A4F7556}") = "EarthquakeChart.API", "EarthquakeChart.API\EarthquakeChart.API.csproj", "{DAD1FAD0-5F0C-4BB3-B7C5-B94DFEA1AFDC}"
EndProject
Project("{FAE04EC0-301F-11D3-BF4B-00C04F79EFBC}") = "EarthquakeChart.Web", "EarthquakeChart.Web\EarthquakeChart.Web.csproj", "{5B239EC5-DCA1-4FAB-8D44-3F0F40BB5641}"
EndProject
Global
	GlobalSection(SolutionConfigurationPlatforms) = preSolution
		Debug|Any CPU = Debug|Any CPU
		Release|Any CPU = Release|Any CPU
	EndGlobalSection
	GlobalSection(ProjectConfigurationPlatforms) = postSolution
		{DAD1FAD0-5F0C-4BB3-B7C5-B94DFEA1AFDC}.Debug|Any CPU.ActiveCfg = Debug|Any CPU
		{DAD1FAD0-5F0C-4BB3-B7C5-B94DFEA1AFDC}.Debug|Any CPU.Build.0 = Debug|Any CPU
		{DAD1FAD0-5F0C-4BB3-B7C5-B94DFEA1AFDC}.Release|Any CPU.ActiveCfg = Release|Any CPU
		{DAD1FAD0-5F0C-4BB3-B7C5-B94DFEA1AFDC}.Release|Any CPU.Build.0 = Release|Any CPU
		{5B239EC5-DCA1-4FAB-8D44-3F0F40BB5641}.Debug|Any CPU.ActiveCfg = Debug|Any CPU
		{5B239EC5-DCA1-4FAB-8D44-3F0F40BB5641}.Debug|Any CPU.Build.0 = Debug|Any CPU
		{5B239EC5-DCA1-4FAB-8D44-3F0F40BB5641}.Release|Any CPU.ActiveCfg = Release|Any CPU
		{5B239EC5-DCA1-4FAB-8D44-3F0F40BB5641}.Release|Any CPU.Build.0 = Release|Any CPU
	EndGlobalSection
	GlobalSection(SolutionProperties) = preSolution
		HideSolutionNode = FALSE
	EndGlobalSection
	GlobalSection(ExtensibilityGlobals) = postSolution
		SolutionGuid = {91205311-A3CE-4854-8F3E-77F9354271E8}
	EndGlobalSection
EndGlobal
